
Microsoft Visual Studio Solution File, Format Version 12.00
# Visual Studio 15
VisualStudioVersion = 15.0.27703.2000
MinimumVisualStudioVersion = 10.0.40219.1
Project("{FAE04EC0-301F-11D3-BF4B-00C04F79EFBC}") = "Miruken", "Source\Miruken\Miruken.csproj", "{FEA64421-2E84-4172-8FE8-67B0649B4368}"
EndProject
Project("{2150E333-8FDC-42A3-9474-1A3956D46DE8}") = "Test", "Test", "{35E1E9F5-E005-4E62-A077-0BC135CDB2E0}"
EndProject
Project("{FAE04EC0-301F-11D3-BF4B-00C04F79EFBC}") = "Miruken.Tests", "Test\Miruken.Tests\Miruken.Tests.csproj", "{270CDE62-63BF-4D26-B82D-F6501C2FA20A}"
EndProject
Global
	GlobalSection(SolutionConfigurationPlatforms) = preSolution
		Debug|Any CPU = Debug|Any CPU
		Release|Any CPU = Release|Any CPU
	EndGlobalSection
	GlobalSection(ProjectConfigurationPlatforms) = postSolution
		{FEA64421-2E84-4172-8FE8-67B0649B4368}.Debug|Any CPU.ActiveCfg = Debug|Any CPU
		{FEA64421-2E84-4172-8FE8-67B0649B4368}.Debug|Any CPU.Build.0 = Debug|Any CPU
		{FEA64421-2E84-4172-8FE8-67B0649B4368}.Release|Any CPU.ActiveCfg = Release|Any CPU
		{FEA64421-2E84-4172-8FE8-67B0649B4368}.Release|Any CPU.Build.0 = Release|Any CPU
		{270CDE62-63BF-4D26-B82D-F6501C2FA20A}.Debug|Any CPU.ActiveCfg = Debug|Any CPU
		{270CDE62-63BF-4D26-B82D-F6501C2FA20A}.Debug|Any CPU.Build.0 = Debug|Any CPU
		{270CDE62-63BF-4D26-B82D-F6501C2FA20A}.Release|Any CPU.ActiveCfg = Release|Any CPU
		{270CDE62-63BF-4D26-B82D-F6501C2FA20A}.Release|Any CPU.Build.0 = Release|Any CPU
	EndGlobalSection
	GlobalSection(SolutionProperties) = preSolution
		HideSolutionNode = FALSE
	EndGlobalSection
	GlobalSection(NestedProjects) = preSolution
		{270CDE62-63BF-4D26-B82D-F6501C2FA20A} = {35E1E9F5-E005-4E62-A077-0BC135CDB2E0}
	EndGlobalSection
	GlobalSection(ExtensibilityGlobals) = postSolution
		SolutionGuid = {D8E45288-65AC-4F5C-B118-A265FC0CBBDF}
	EndGlobalSection
EndGlobal
