
Microsoft Visual Studio Solution File, Format Version 12.00
# Visual Studio 15
VisualStudioVersion = 15.0.27703.2000
MinimumVisualStudioVersion = 10.0.40219.1
Project("{9A19103F-16F7-4668-BE54-9A1E7A4F7556}") = "Miruken", "Source\Miruken\Miruken.csproj", "{FEA64421-2E84-4172-8FE8-67B0649B4368}"
EndProject
Project("{2150E333-8FDC-42A3-9474-1A3956D46DE8}") = "Test", "Test", "{35E1E9F5-E005-4E62-A077-0BC135CDB2E0}"
EndProject
Project("{9A19103F-16F7-4668-BE54-9A1E7A4F7556}") = "Miruken.Tests", "Test\Miruken.Tests\Miruken.Tests.csproj", "{270CDE62-63BF-4D26-B82D-F6501C2FA20A}"
EndProject
Project("{9A19103F-16F7-4668-BE54-9A1E7A4F7556}") = "Miruken.Secure", "Source\Miruken.Secure\Miruken.Secure.csproj", "{5AF2134B-2A1F-4760-AAAD-FD4715E1B6AA}"
EndProject
Project("{9A19103F-16F7-4668-BE54-9A1E7A4F7556}") = "Miruken.Validate", "Source\Miruken.Validate\Miruken.Validate.csproj", "{627FB60E-F11D-48BF-8847-78EC6E01FDAB}"
EndProject
Project("{9A19103F-16F7-4668-BE54-9A1E7A4F7556}") = "Miruken.Secure.Tests", "Test\Miruken.Secure.Tests\Miruken.Secure.Tests.csproj", "{F5275841-2087-46F7-B3FC-E6B790093B8A}"
EndProject
Project("{9A19103F-16F7-4668-BE54-9A1E7A4F7556}") = "Miruken.Validate.Tests", "Test\Miruken.Validate.Tests\Miruken.Validate.Tests.csproj", "{6F259D1D-F015-42F4-98E0-408CDA406D11}"
EndProject
Project("{FAE04EC0-301F-11D3-BF4B-00C04F79EFBC}") = "Miruken.Castle", "Source\Miruken.Castle\Miruken.Castle.csproj", "{CB9B9CD4-642B-474E-AAED-F3C957FA2D28}"
EndProject
Project("{FAE04EC0-301F-11D3-BF4B-00C04F79EFBC}") = "Miruken.Castle.Tests", "Test\Miruken.Castle.Tests\Miruken.Castle.Tests.csproj", "{BD01AE54-9AC5-48FB-BE2C-D782831029EB}"
EndProject
Project("{FAE04EC0-301F-11D3-BF4B-00C04F79EFBC}") = "Miruken.Validate.Castle", "Source\Miruken.Validate.Castle\Miruken.Validate.Castle.csproj", "{511FA590-E44F-4EFC-8AE8-01213143E362}"
EndProject
Project("{FAE04EC0-301F-11D3-BF4B-00C04F79EFBC}") = "Miruken.Validate.Castle.Tests", "Test\Miruken.Validate.Castle.Tests\Miruken.Validate.Castle.Tests.csproj", "{1BFF367C-1399-4179-AA98-CB00D47D06B4}"
EndProject
Global
	GlobalSection(SolutionConfigurationPlatforms) = preSolution
		Debug|Any CPU = Debug|Any CPU
		Release|Any CPU = Release|Any CPU
	EndGlobalSection
	GlobalSection(ProjectConfigurationPlatforms) = postSolution
		{FEA64421-2E84-4172-8FE8-67B0649B4368}.Debug|Any CPU.ActiveCfg = Debug|Any CPU
		{FEA64421-2E84-4172-8FE8-67B0649B4368}.Debug|Any CPU.Build.0 = Debug|Any CPU
		{FEA64421-2E84-4172-8FE8-67B0649B4368}.Release|Any CPU.ActiveCfg = Release|Any CPU
		{FEA64421-2E84-4172-8FE8-67B0649B4368}.Release|Any CPU.Build.0 = Release|Any CPU
		{270CDE62-63BF-4D26-B82D-F6501C2FA20A}.Debug|Any CPU.ActiveCfg = Debug|Any CPU
		{270CDE62-63BF-4D26-B82D-F6501C2FA20A}.Debug|Any CPU.Build.0 = Debug|Any CPU
		{270CDE62-63BF-4D26-B82D-F6501C2FA20A}.Release|Any CPU.ActiveCfg = Release|Any CPU
		{270CDE62-63BF-4D26-B82D-F6501C2FA20A}.Release|Any CPU.Build.0 = Release|Any CPU
		{5AF2134B-2A1F-4760-AAAD-FD4715E1B6AA}.Debug|Any CPU.ActiveCfg = Debug|Any CPU
		{5AF2134B-2A1F-4760-AAAD-FD4715E1B6AA}.Debug|Any CPU.Build.0 = Debug|Any CPU
		{5AF2134B-2A1F-4760-AAAD-FD4715E1B6AA}.Release|Any CPU.ActiveCfg = Release|Any CPU
		{5AF2134B-2A1F-4760-AAAD-FD4715E1B6AA}.Release|Any CPU.Build.0 = Release|Any CPU
		{627FB60E-F11D-48BF-8847-78EC6E01FDAB}.Debug|Any CPU.ActiveCfg = Debug|Any CPU
		{627FB60E-F11D-48BF-8847-78EC6E01FDAB}.Debug|Any CPU.Build.0 = Debug|Any CPU
		{627FB60E-F11D-48BF-8847-78EC6E01FDAB}.Release|Any CPU.ActiveCfg = Release|Any CPU
		{627FB60E-F11D-48BF-8847-78EC6E01FDAB}.Release|Any CPU.Build.0 = Release|Any CPU
		{F5275841-2087-46F7-B3FC-E6B790093B8A}.Debug|Any CPU.ActiveCfg = Debug|Any CPU
		{F5275841-2087-46F7-B3FC-E6B790093B8A}.Debug|Any CPU.Build.0 = Debug|Any CPU
		{F5275841-2087-46F7-B3FC-E6B790093B8A}.Release|Any CPU.ActiveCfg = Release|Any CPU
		{F5275841-2087-46F7-B3FC-E6B790093B8A}.Release|Any CPU.Build.0 = Release|Any CPU
		{6F259D1D-F015-42F4-98E0-408CDA406D11}.Debug|Any CPU.ActiveCfg = Debug|Any CPU
		{6F259D1D-F015-42F4-98E0-408CDA406D11}.Debug|Any CPU.Build.0 = Debug|Any CPU
		{6F259D1D-F015-42F4-98E0-408CDA406D11}.Release|Any CPU.ActiveCfg = Release|Any CPU
		{6F259D1D-F015-42F4-98E0-408CDA406D11}.Release|Any CPU.Build.0 = Release|Any CPU
		{CB9B9CD4-642B-474E-AAED-F3C957FA2D28}.Debug|Any CPU.ActiveCfg = Debug|Any CPU
		{CB9B9CD4-642B-474E-AAED-F3C957FA2D28}.Debug|Any CPU.Build.0 = Debug|Any CPU
		{CB9B9CD4-642B-474E-AAED-F3C957FA2D28}.Release|Any CPU.ActiveCfg = Release|Any CPU
		{CB9B9CD4-642B-474E-AAED-F3C957FA2D28}.Release|Any CPU.Build.0 = Release|Any CPU
		{BD01AE54-9AC5-48FB-BE2C-D782831029EB}.Debug|Any CPU.ActiveCfg = Debug|Any CPU
		{BD01AE54-9AC5-48FB-BE2C-D782831029EB}.Debug|Any CPU.Build.0 = Debug|Any CPU
		{BD01AE54-9AC5-48FB-BE2C-D782831029EB}.Release|Any CPU.ActiveCfg = Release|Any CPU
		{BD01AE54-9AC5-48FB-BE2C-D782831029EB}.Release|Any CPU.Build.0 = Release|Any CPU
		{511FA590-E44F-4EFC-8AE8-01213143E362}.Debug|Any CPU.ActiveCfg = Debug|Any CPU
		{511FA590-E44F-4EFC-8AE8-01213143E362}.Debug|Any CPU.Build.0 = Debug|Any CPU
		{511FA590-E44F-4EFC-8AE8-01213143E362}.Release|Any CPU.ActiveCfg = Release|Any CPU
		{511FA590-E44F-4EFC-8AE8-01213143E362}.Release|Any CPU.Build.0 = Release|Any CPU
		{1BFF367C-1399-4179-AA98-CB00D47D06B4}.Debug|Any CPU.ActiveCfg = Debug|Any CPU
		{1BFF367C-1399-4179-AA98-CB00D47D06B4}.Debug|Any CPU.Build.0 = Debug|Any CPU
		{1BFF367C-1399-4179-AA98-CB00D47D06B4}.Release|Any CPU.ActiveCfg = Release|Any CPU
		{1BFF367C-1399-4179-AA98-CB00D47D06B4}.Release|Any CPU.Build.0 = Release|Any CPU
	EndGlobalSection
	GlobalSection(SolutionProperties) = preSolution
		HideSolutionNode = FALSE
	EndGlobalSection
	GlobalSection(NestedProjects) = preSolution
		{270CDE62-63BF-4D26-B82D-F6501C2FA20A} = {35E1E9F5-E005-4E62-A077-0BC135CDB2E0}
		{F5275841-2087-46F7-B3FC-E6B790093B8A} = {35E1E9F5-E005-4E62-A077-0BC135CDB2E0}
		{6F259D1D-F015-42F4-98E0-408CDA406D11} = {35E1E9F5-E005-4E62-A077-0BC135CDB2E0}
		{BD01AE54-9AC5-48FB-BE2C-D782831029EB} = {35E1E9F5-E005-4E62-A077-0BC135CDB2E0}
		{1BFF367C-1399-4179-AA98-CB00D47D06B4} = {35E1E9F5-E005-4E62-A077-0BC135CDB2E0}
	EndGlobalSection
	GlobalSection(ExtensibilityGlobals) = postSolution
		SolutionGuid = {D8E45288-65AC-4F5C-B118-A265FC0CBBDF}
	EndGlobalSection
EndGlobal
